
Microsoft Visual Studio Solution File, Format Version 12.00
EndProject
Project("{2150E333-8FDC-42A3-9474-1A3956D46DE8}") = "HomeWork1", "HomeWork1", "{522D45A1-7047-431B-9A9E-BEE7269FEC94}"
EndProject
Project("{FAE04EC0-301F-11D3-BF4B-00C04F79EFBC}") = "Hw1", "HomeWork1\Hw1\Hw1.csproj", "{AE483A6D-F240-45A8-853A-7135E0B7EA42}"
EndProject
Project("{FAE04EC0-301F-11D3-BF4B-00C04F79EFBC}") = "Hw1Tests", "HomeWork1\Hw1Tests\Hw1Tests.csproj", "{5D4BC296-797A-4223-86C6-F5CFC4CBCD9C}"
EndProject
Project("{2150E333-8FDC-42A3-9474-1A3956D46DE8}") = "HomeWork2", "HomeWork2", "{51BE59C3-24C1-4573-B776-CDDAD350BDDC}"
EndProject
Project("{2150E333-8FDC-42A3-9474-1A3956D46DE8}") = "HomeWork4", "HomeWork4", "{29B697C5-41B1-4F66-9F11-142AEC58B8BD}"
EndProject
Project("{2150E333-8FDC-42A3-9474-1A3956D46DE8}") = "HomeWork5", "HomeWork5", "{25E2926E-CCB3-4335-8157-5F0638CD24C6}"
EndProject
Project("{2150E333-8FDC-42A3-9474-1A3956D46DE8}") = "HomeWork6", "HomeWork6", "{975B8E32-9033-4E23-A50F-CCCFEA22B677}"
EndProject
Project("{FAE04EC0-301F-11D3-BF4B-00C04F79EFBC}") = "Hw2", "HomeWork2\Hw2\Hw2.csproj", "{7A9CA105-87F6-4DB1-9C90-7DBDC83B1DB2}"
EndProject
Project("{FAE04EC0-301F-11D3-BF4B-00C04F79EFBC}") = "Homework2.IL", "HomeWork2\Hw2IL\Homework2.IL.ilproj", "{2B8BB616-7A8A-49D8-9533-C4C479EDD2DF}"
EndProject
Project("{FAE04EC0-301F-11D3-BF4B-00C04F79EFBC}") = "Hw2Tests", "HomeWork2\Hw2Tests\Hw2Tests.csproj", "{97A4F960-C6EF-4B8C-BD58-B30A077D8D0D}"
EndProject
Project("{F2A71F9B-5D33-465A-A702-920D77279786}") = "Homework4", "HomeWork4\Homework4\Homework4.fsproj", "{D9F80C8B-D4B8-4215-8325-7C4FC777131C}"
EndProject
Project("{F2A71F9B-5D33-465A-A702-920D77279786}") = "Hw4Tests", "HomeWork4\Hw4Tests\Hw4Tests.fsproj", "{57E1616E-C728-4C96-923C-DE1381AD1211}"
EndProject
Project("{F2A71F9B-5D33-465A-A702-920D77279786}") = "Homework5", "HomeWork5\Homework5\Homework5.fsproj", "{D8F71E84-9B3B-445B-A896-EECBCB26776A}"
EndProject
Project("{F2A71F9B-5D33-465A-A702-920D77279786}") = "Hw5Tests", "HomeWork5\Hw5Tests\Hw5Tests.fsproj", "{A051D520-7938-429A-93A0-5633DB07D2FF}"
EndProject
Project("{F2A71F9B-5D33-465A-A702-920D77279786}") = "Homework6", "HomeWork6\Homework6\Homework6.fsproj", "{DDC5F1D9-C043-4EAD-9F5A-261D26A887EE}"
EndProject
Project("{FAE04EC0-301F-11D3-BF4B-00C04F79EFBC}") = "Hw6Tests", "HomeWork6\Hw6Tests\Hw6Tests.csproj", "{9015C2E7-0BA7-4EF6-A27C-CA87201EFECF}"
EndProject
Project("{2150E333-8FDC-42A3-9474-1A3956D46DE8}") = "HomeWork10", "HomeWork10", "{FC288324-CECD-46B7-A679-EF8BEA752B1F}"
EndProject
Project("{FAE04EC0-301F-11D3-BF4B-00C04F79EFBC}") = "Homework10", "HomeWork10\Homework10\Homework10.csproj", "{70DE340A-39EA-4934-9DE3-6B92367E1BB1}"
EndProject
Project("{FAE04EC0-301F-11D3-BF4B-00C04F79EFBC}") = "Homework10.Tests", "HomeWork10\Homework10.Tests\Homework10.Tests.csproj", "{7CFD6B4D-AD81-4AFE-91C4-2407A0111ABC}"
EndProject
Global
	GlobalSection(SolutionConfigurationPlatforms) = preSolution
		Debug|Any CPU = Debug|Any CPU
		Release|Any CPU = Release|Any CPU
	EndGlobalSection
	GlobalSection(ProjectConfigurationPlatforms) = postSolution
		{AE483A6D-F240-45A8-853A-7135E0B7EA42}.Debug|Any CPU.ActiveCfg = Debug|Any CPU
		{AE483A6D-F240-45A8-853A-7135E0B7EA42}.Debug|Any CPU.Build.0 = Debug|Any CPU
		{AE483A6D-F240-45A8-853A-7135E0B7EA42}.Release|Any CPU.ActiveCfg = Release|Any CPU
		{AE483A6D-F240-45A8-853A-7135E0B7EA42}.Release|Any CPU.Build.0 = Release|Any CPU
		{5D4BC296-797A-4223-86C6-F5CFC4CBCD9C}.Debug|Any CPU.ActiveCfg = Debug|Any CPU
		{5D4BC296-797A-4223-86C6-F5CFC4CBCD9C}.Debug|Any CPU.Build.0 = Debug|Any CPU
		{5D4BC296-797A-4223-86C6-F5CFC4CBCD9C}.Release|Any CPU.ActiveCfg = Release|Any CPU
		{5D4BC296-797A-4223-86C6-F5CFC4CBCD9C}.Release|Any CPU.Build.0 = Release|Any CPU
		{7A9CA105-87F6-4DB1-9C90-7DBDC83B1DB2}.Debug|Any CPU.ActiveCfg = Debug|Any CPU
		{7A9CA105-87F6-4DB1-9C90-7DBDC83B1DB2}.Debug|Any CPU.Build.0 = Debug|Any CPU
		{7A9CA105-87F6-4DB1-9C90-7DBDC83B1DB2}.Release|Any CPU.ActiveCfg = Release|Any CPU
		{7A9CA105-87F6-4DB1-9C90-7DBDC83B1DB2}.Release|Any CPU.Build.0 = Release|Any CPU
		{2B8BB616-7A8A-49D8-9533-C4C479EDD2DF}.Debug|Any CPU.ActiveCfg = Debug|Any CPU
		{2B8BB616-7A8A-49D8-9533-C4C479EDD2DF}.Debug|Any CPU.Build.0 = Debug|Any CPU
		{2B8BB616-7A8A-49D8-9533-C4C479EDD2DF}.Release|Any CPU.ActiveCfg = Release|Any CPU
		{2B8BB616-7A8A-49D8-9533-C4C479EDD2DF}.Release|Any CPU.Build.0 = Release|Any CPU
		{97A4F960-C6EF-4B8C-BD58-B30A077D8D0D}.Debug|Any CPU.ActiveCfg = Debug|Any CPU
		{97A4F960-C6EF-4B8C-BD58-B30A077D8D0D}.Debug|Any CPU.Build.0 = Debug|Any CPU
		{97A4F960-C6EF-4B8C-BD58-B30A077D8D0D}.Release|Any CPU.ActiveCfg = Release|Any CPU
		{97A4F960-C6EF-4B8C-BD58-B30A077D8D0D}.Release|Any CPU.Build.0 = Release|Any CPU
		{D9F80C8B-D4B8-4215-8325-7C4FC777131C}.Debug|Any CPU.ActiveCfg = Debug|Any CPU
		{D9F80C8B-D4B8-4215-8325-7C4FC777131C}.Debug|Any CPU.Build.0 = Debug|Any CPU
		{D9F80C8B-D4B8-4215-8325-7C4FC777131C}.Release|Any CPU.ActiveCfg = Release|Any CPU
		{D9F80C8B-D4B8-4215-8325-7C4FC777131C}.Release|Any CPU.Build.0 = Release|Any CPU
		{57E1616E-C728-4C96-923C-DE1381AD1211}.Debug|Any CPU.ActiveCfg = Debug|Any CPU
		{57E1616E-C728-4C96-923C-DE1381AD1211}.Debug|Any CPU.Build.0 = Debug|Any CPU
		{57E1616E-C728-4C96-923C-DE1381AD1211}.Release|Any CPU.ActiveCfg = Release|Any CPU
		{57E1616E-C728-4C96-923C-DE1381AD1211}.Release|Any CPU.Build.0 = Release|Any CPU
		{D8F71E84-9B3B-445B-A896-EECBCB26776A}.Debug|Any CPU.ActiveCfg = Debug|Any CPU
		{D8F71E84-9B3B-445B-A896-EECBCB26776A}.Debug|Any CPU.Build.0 = Debug|Any CPU
		{D8F71E84-9B3B-445B-A896-EECBCB26776A}.Release|Any CPU.ActiveCfg = Release|Any CPU
		{D8F71E84-9B3B-445B-A896-EECBCB26776A}.Release|Any CPU.Build.0 = Release|Any CPU
		{A051D520-7938-429A-93A0-5633DB07D2FF}.Debug|Any CPU.ActiveCfg = Debug|Any CPU
		{A051D520-7938-429A-93A0-5633DB07D2FF}.Debug|Any CPU.Build.0 = Debug|Any CPU
		{A051D520-7938-429A-93A0-5633DB07D2FF}.Release|Any CPU.ActiveCfg = Release|Any CPU
		{A051D520-7938-429A-93A0-5633DB07D2FF}.Release|Any CPU.Build.0 = Release|Any CPU
		{DDC5F1D9-C043-4EAD-9F5A-261D26A887EE}.Debug|Any CPU.ActiveCfg = Debug|Any CPU
		{DDC5F1D9-C043-4EAD-9F5A-261D26A887EE}.Debug|Any CPU.Build.0 = Debug|Any CPU
		{DDC5F1D9-C043-4EAD-9F5A-261D26A887EE}.Release|Any CPU.ActiveCfg = Release|Any CPU
		{DDC5F1D9-C043-4EAD-9F5A-261D26A887EE}.Release|Any CPU.Build.0 = Release|Any CPU
		{9015C2E7-0BA7-4EF6-A27C-CA87201EFECF}.Debug|Any CPU.ActiveCfg = Debug|Any CPU
		{9015C2E7-0BA7-4EF6-A27C-CA87201EFECF}.Debug|Any CPU.Build.0 = Debug|Any CPU
		{9015C2E7-0BA7-4EF6-A27C-CA87201EFECF}.Release|Any CPU.ActiveCfg = Release|Any CPU
		{9015C2E7-0BA7-4EF6-A27C-CA87201EFECF}.Release|Any CPU.Build.0 = Release|Any CPU
		{70DE340A-39EA-4934-9DE3-6B92367E1BB1}.Debug|Any CPU.ActiveCfg = Debug|Any CPU
		{70DE340A-39EA-4934-9DE3-6B92367E1BB1}.Debug|Any CPU.Build.0 = Debug|Any CPU
		{70DE340A-39EA-4934-9DE3-6B92367E1BB1}.Release|Any CPU.ActiveCfg = Release|Any CPU
		{70DE340A-39EA-4934-9DE3-6B92367E1BB1}.Release|Any CPU.Build.0 = Release|Any CPU
		{7CFD6B4D-AD81-4AFE-91C4-2407A0111ABC}.Debug|Any CPU.ActiveCfg = Debug|Any CPU
		{7CFD6B4D-AD81-4AFE-91C4-2407A0111ABC}.Debug|Any CPU.Build.0 = Debug|Any CPU
		{7CFD6B4D-AD81-4AFE-91C4-2407A0111ABC}.Release|Any CPU.ActiveCfg = Release|Any CPU
		{7CFD6B4D-AD81-4AFE-91C4-2407A0111ABC}.Release|Any CPU.Build.0 = Release|Any CPU
	EndGlobalSection
	GlobalSection(NestedProjects) = preSolution
		{AE483A6D-F240-45A8-853A-7135E0B7EA42} = {522D45A1-7047-431B-9A9E-BEE7269FEC94}
		{5D4BC296-797A-4223-86C6-F5CFC4CBCD9C} = {522D45A1-7047-431B-9A9E-BEE7269FEC94}
		{7A9CA105-87F6-4DB1-9C90-7DBDC83B1DB2} = {51BE59C3-24C1-4573-B776-CDDAD350BDDC}
		{2B8BB616-7A8A-49D8-9533-C4C479EDD2DF} = {51BE59C3-24C1-4573-B776-CDDAD350BDDC}
		{97A4F960-C6EF-4B8C-BD58-B30A077D8D0D} = {51BE59C3-24C1-4573-B776-CDDAD350BDDC}
		{D9F80C8B-D4B8-4215-8325-7C4FC777131C} = {29B697C5-41B1-4F66-9F11-142AEC58B8BD}
		{57E1616E-C728-4C96-923C-DE1381AD1211} = {29B697C5-41B1-4F66-9F11-142AEC58B8BD}
		{D8F71E84-9B3B-445B-A896-EECBCB26776A} = {25E2926E-CCB3-4335-8157-5F0638CD24C6}
		{A051D520-7938-429A-93A0-5633DB07D2FF} = {25E2926E-CCB3-4335-8157-5F0638CD24C6}
		{DDC5F1D9-C043-4EAD-9F5A-261D26A887EE} = {975B8E32-9033-4E23-A50F-CCCFEA22B677}
		{9015C2E7-0BA7-4EF6-A27C-CA87201EFECF} = {975B8E32-9033-4E23-A50F-CCCFEA22B677}
		{70DE340A-39EA-4934-9DE3-6B92367E1BB1} = {FC288324-CECD-46B7-A679-EF8BEA752B1F}
		{7CFD6B4D-AD81-4AFE-91C4-2407A0111ABC} = {FC288324-CECD-46B7-A679-EF8BEA752B1F}
	EndGlobalSection
EndGlobal
